
Microsoft Visual Studio Solution File, Format Version 12.00
# Visual Studio Version 16
VisualStudioVersion = 16.0.31112.23
MinimumVisualStudioVersion = 10.0.40219.1
Project("{9A19103F-16F7-4668-BE54-9A1E7A4F7556}") = "Task-2", "Homework\Task-2.csproj", "{1E6E0496-7951-436B-A491-9FA073155D25}"
EndProject
Project("{9A19103F-16F7-4668-BE54-9A1E7A4F7556}") = "Task-3", "ConsoleApp2\Task-3.csproj", "{0C847137-649D-49BA-BF23-0F61D98BA302}"
EndProject
Project("{FAE04EC0-301F-11D3-BF4B-00C04F79EFBC}") = "Task-1", "ConsoleApp3\Task-1.csproj", "{833E2F24-B51B-4F61-8D37-E86DC3D94166}"
EndProject
Global
	GlobalSection(SolutionConfigurationPlatforms) = preSolution
		Debug|Any CPU = Debug|Any CPU
		Release|Any CPU = Release|Any CPU
	EndGlobalSection
	GlobalSection(ProjectConfigurationPlatforms) = postSolution
		{1E6E0496-7951-436B-A491-9FA073155D25}.Debug|Any CPU.ActiveCfg = Debug|Any CPU
		{1E6E0496-7951-436B-A491-9FA073155D25}.Debug|Any CPU.Build.0 = Debug|Any CPU
		{1E6E0496-7951-436B-A491-9FA073155D25}.Release|Any CPU.ActiveCfg = Release|Any CPU
		{1E6E0496-7951-436B-A491-9FA073155D25}.Release|Any CPU.Build.0 = Release|Any CPU
		{0C847137-649D-49BA-BF23-0F61D98BA302}.Debug|Any CPU.ActiveCfg = Debug|Any CPU
		{0C847137-649D-49BA-BF23-0F61D98BA302}.Debug|Any CPU.Build.0 = Debug|Any CPU
		{0C847137-649D-49BA-BF23-0F61D98BA302}.Release|Any CPU.ActiveCfg = Release|Any CPU
		{0C847137-649D-49BA-BF23-0F61D98BA302}.Release|Any CPU.Build.0 = Release|Any CPU
		{833E2F24-B51B-4F61-8D37-E86DC3D94166}.Debug|Any CPU.ActiveCfg = Debug|Any CPU
		{833E2F24-B51B-4F61-8D37-E86DC3D94166}.Debug|Any CPU.Build.0 = Debug|Any CPU
		{833E2F24-B51B-4F61-8D37-E86DC3D94166}.Release|Any CPU.ActiveCfg = Release|Any CPU
		{833E2F24-B51B-4F61-8D37-E86DC3D94166}.Release|Any CPU.Build.0 = Release|Any CPU
	EndGlobalSection
	GlobalSection(SolutionProperties) = preSolution
		HideSolutionNode = FALSE
	EndGlobalSection
	GlobalSection(ExtensibilityGlobals) = postSolution
		SolutionGuid = {12838526-3817-4544-AB9F-B38262D9A43A}
	EndGlobalSection
EndGlobal
